// !$*UTF8*$!
{
	archiveVersion = 1;
	classes = {
	};
	objectVersion = 51;
	objects = {

/* Begin PBXBuildFile section */
		7B666CBA2CA80CF9C9556050 /* Pods_dsoo.framework in Frameworks */ = {isa = PBXBuildFile; fileRef = C2BF92032FCD00E97301449D /* Pods_dsoo.framework */; };
		C633EE092393225F00D9C1CA /* Records.swift in Sources */ = {isa = PBXBuildFile; fileRef = C633EE082393225F00D9C1CA /* Records.swift */; };
		C633EE0B2393241000D9C1CA /* File.swift in Sources */ = {isa = PBXBuildFile; fileRef = C633EE0A2393241000D9C1CA /* File.swift */; };
		C682FDFC2393186F0072205C /* AppDelegate.swift in Sources */ = {isa = PBXBuildFile; fileRef = C682FDFB2393186F0072205C /* AppDelegate.swift */; };
		C682FDFE2393186F0072205C /* SceneDelegate.swift in Sources */ = {isa = PBXBuildFile; fileRef = C682FDFD2393186F0072205C /* SceneDelegate.swift */; };
		C682FE002393186F0072205C /* ViewController.swift in Sources */ = {isa = PBXBuildFile; fileRef = C682FDFF2393186F0072205C /* ViewController.swift */; };
		C682FE032393186F0072205C /* Main.storyboard in Resources */ = {isa = PBXBuildFile; fileRef = C682FE012393186F0072205C /* Main.storyboard */; };
		C682FE05239318720072205C /* Assets.xcassets in Resources */ = {isa = PBXBuildFile; fileRef = C682FE04239318720072205C /* Assets.xcassets */; };
		C682FE08239318720072205C /* LaunchScreen.storyboard in Resources */ = {isa = PBXBuildFile; fileRef = C682FE06239318720072205C /* LaunchScreen.storyboard */; };
/* End PBXBuildFile section */

/* Begin PBXFileReference section */
		325112B6BF350E8914856CF5 /* Pods-dsoo.release.xcconfig */ = {isa = PBXFileReference; includeInIndex = 1; lastKnownFileType = text.xcconfig; name = "Pods-dsoo.release.xcconfig"; path = "Target Support Files/Pods-dsoo/Pods-dsoo.release.xcconfig"; sourceTree = "<group>"; };
		386EC0B34C9A9F7F847AEDDC /* Pods-dsoo.debug.xcconfig */ = {isa = PBXFileReference; includeInIndex = 1; lastKnownFileType = text.xcconfig; name = "Pods-dsoo.debug.xcconfig"; path = "Target Support Files/Pods-dsoo/Pods-dsoo.debug.xcconfig"; sourceTree = "<group>"; };
		C2BF92032FCD00E97301449D /* Pods_dsoo.framework */ = {isa = PBXFileReference; explicitFileType = wrapper.framework; includeInIndex = 0; path = Pods_dsoo.framework; sourceTree = BUILT_PRODUCTS_DIR; };
		C633EE082393225F00D9C1CA /* Records.swift */ = {isa = PBXFileReference; lastKnownFileType = sourcecode.swift; path = Records.swift; sourceTree = "<group>"; };
		C633EE0A2393241000D9C1CA /* File.swift */ = {isa = PBXFileReference; lastKnownFileType = sourcecode.swift; path = File.swift; sourceTree = "<group>"; };
		C682FDF82393186F0072205C /* dsoo.app */ = {isa = PBXFileReference; explicitFileType = wrapper.application; includeInIndex = 0; path = dsoo.app; sourceTree = BUILT_PRODUCTS_DIR; };
		C682FDFB2393186F0072205C /* AppDelegate.swift */ = {isa = PBXFileReference; lastKnownFileType = sourcecode.swift; path = AppDelegate.swift; sourceTree = "<group>"; };
		C682FDFD2393186F0072205C /* SceneDelegate.swift */ = {isa = PBXFileReference; lastKnownFileType = sourcecode.swift; path = SceneDelegate.swift; sourceTree = "<group>"; };
		C682FDFF2393186F0072205C /* ViewController.swift */ = {isa = PBXFileReference; lastKnownFileType = sourcecode.swift; path = ViewController.swift; sourceTree = "<group>"; };
		C682FE022393186F0072205C /* Base */ = {isa = PBXFileReference; lastKnownFileType = file.storyboard; name = Base; path = Base.lproj/Main.storyboard; sourceTree = "<group>"; };
		C682FE04239318720072205C /* Assets.xcassets */ = {isa = PBXFileReference; lastKnownFileType = folder.assetcatalog; path = Assets.xcassets; sourceTree = "<group>"; };
		C682FE07239318720072205C /* Base */ = {isa = PBXFileReference; lastKnownFileType = file.storyboard; name = Base; path = Base.lproj/LaunchScreen.storyboard; sourceTree = "<group>"; };
		C682FE09239318720072205C /* Info.plist */ = {isa = PBXFileReference; lastKnownFileType = text.plist.xml; path = Info.plist; sourceTree = "<group>"; };
/* End PBXFileReference section */

/* Begin PBXFrameworksBuildPhase section */
		C682FDF52393186F0072205C /* Frameworks */ = {
			isa = PBXFrameworksBuildPhase;
			buildActionMask = 2147483647;
			files = (
				7B666CBA2CA80CF9C9556050 /* Pods_dsoo.framework in Frameworks */,
			);
			runOnlyForDeploymentPostprocessing = 0;
		};
/* End PBXFrameworksBuildPhase section */

/* Begin PBXGroup section */
		A3F0B1DD3E5B87CD075C5899 /* Pods */ = {
			isa = PBXGroup;
			children = (
				386EC0B34C9A9F7F847AEDDC /* Pods-dsoo.debug.xcconfig */,
				325112B6BF350E8914856CF5 /* Pods-dsoo.release.xcconfig */,
			);
			path = Pods;
			sourceTree = "<group>";
		};
		C633EE042393219D00D9C1CA /* API */ = {
			isa = PBXGroup;
			children = (
				C633EE0A2393241000D9C1CA /* File.swift */,
			);
			path = API;
			sourceTree = "<group>";
		};
		C633EE05239321A400D9C1CA /* Entities */ = {
			isa = PBXGroup;
			children = (
				C633EE082393225F00D9C1CA /* Records.swift */,
			);
			path = Entities;
			sourceTree = "<group>";
		};
		C633EE06239321AD00D9C1CA /* Modules */ = {
			isa = PBXGroup;
			children = (
				C633EE07239321D300D9C1CA /* Core */,
			);
			path = Modules;
			sourceTree = "<group>";
		};
		C633EE07239321D300D9C1CA /* Core */ = {
			isa = PBXGroup;
			children = (
				C682FDFF2393186F0072205C /* ViewController.swift */,
				C682FE012393186F0072205C /* Main.storyboard */,
			);
			path = Core;
			sourceTree = "<group>";
		};
		C682FDEF2393186F0072205C = {
			isa = PBXGroup;
			children = (
				C682FDFA2393186F0072205C /* dsoo */,
				C682FDF92393186F0072205C /* Products */,
				A3F0B1DD3E5B87CD075C5899 /* Pods */,
				D4862AFC48D65217CE2D10AC /* Frameworks */,
			);
			sourceTree = "<group>";
		};
		C682FDF92393186F0072205C /* Products */ = {
			isa = PBXGroup;
			children = (
				C682FDF82393186F0072205C /* dsoo.app */,
			);
			name = Products;
			sourceTree = "<group>";
		};
		C682FDFA2393186F0072205C /* dsoo */ = {
			isa = PBXGroup;
			children = (
				C633EE042393219D00D9C1CA /* API */,
				C633EE05239321A400D9C1CA /* Entities */,
				C633EE06239321AD00D9C1CA /* Modules */,
				C682FDFB2393186F0072205C /* AppDelegate.swift */,
				C682FDFD2393186F0072205C /* SceneDelegate.swift */,
				C682FE04239318720072205C /* Assets.xcassets */,
				C682FE06239318720072205C /* LaunchScreen.storyboard */,
				C682FE09239318720072205C /* Info.plist */,
			);
			path = dsoo;
			sourceTree = "<group>";
		};
		D4862AFC48D65217CE2D10AC /* Frameworks */ = {
			isa = PBXGroup;
			children = (
				C2BF92032FCD00E97301449D /* Pods_dsoo.framework */,
			);
			name = Frameworks;
			sourceTree = "<group>";
		};
/* End PBXGroup section */

/* Begin PBXNativeTarget section */
		C682FDF72393186F0072205C /* dsoo */ = {
			isa = PBXNativeTarget;
			buildConfigurationList = C682FE0C239318720072205C /* Build configuration list for PBXNativeTarget "dsoo" */;
			buildPhases = (
				A62D7FE3CF2B065038370979 /* [CP] Check Pods Manifest.lock */,
				C682FDF42393186F0072205C /* Sources */,
				C682FDF52393186F0072205C /* Frameworks */,
				C682FDF62393186F0072205C /* Resources */,
				2951E73AE092DE51895BE3B7 /* [CP] Embed Pods Frameworks */,
			);
			buildRules = (
			);
			dependencies = (
			);
			name = dsoo;
			productName = dsoo;
			productReference = C682FDF82393186F0072205C /* dsoo.app */;
			productType = "com.apple.product-type.application";
		};
/* End PBXNativeTarget section */

/* Begin PBXProject section */
		C682FDF02393186F0072205C /* Project object */ = {
			isa = PBXProject;
			attributes = {
				LastSwiftUpdateCheck = 1130;
				LastUpgradeCheck = 1130;
				ORGANIZATIONNAME = "Pedro Freddi";
				TargetAttributes = {
					C682FDF72393186F0072205C = {
						CreatedOnToolsVersion = 11.3;
					};
				};
			};
			buildConfigurationList = C682FDF32393186F0072205C /* Build configuration list for PBXProject "dsoo" */;
			compatibilityVersion = "Xcode 9.3";
			developmentRegion = en;
			hasScannedForEncodings = 0;
			knownRegions = (
				en,
				Base,
			);
			mainGroup = C682FDEF2393186F0072205C;
			productRefGroup = C682FDF92393186F0072205C /* Products */;
			projectDirPath = "";
			projectRoot = "";
			targets = (
				C682FDF72393186F0072205C /* dsoo */,
			);
		};
/* End PBXProject section */

/* Begin PBXResourcesBuildPhase section */
		C682FDF62393186F0072205C /* Resources */ = {
			isa = PBXResourcesBuildPhase;
			buildActionMask = 2147483647;
			files = (
				C682FE08239318720072205C /* LaunchScreen.storyboard in Resources */,
				C682FE05239318720072205C /* Assets.xcassets in Resources */,
				C682FE032393186F0072205C /* Main.storyboard in Resources */,
			);
			runOnlyForDeploymentPostprocessing = 0;
		};
/* End PBXResourcesBuildPhase section */

/* Begin PBXShellScriptBuildPhase section */
		2951E73AE092DE51895BE3B7 /* [CP] Embed Pods Frameworks */ = {
			isa = PBXShellScriptBuildPhase;
			buildActionMask = 2147483647;
			files = (
			);
			inputFileListPaths = (
				"${PODS_ROOT}/Target Support Files/Pods-dsoo/Pods-dsoo-frameworks-${CONFIGURATION}-input-files.xcfilelist",
			);
			name = "[CP] Embed Pods Frameworks";
			outputFileListPaths = (
				"${PODS_ROOT}/Target Support Files/Pods-dsoo/Pods-dsoo-frameworks-${CONFIGURATION}-output-files.xcfilelist",
			);
			runOnlyForDeploymentPostprocessing = 0;
			shellPath = /bin/sh;
			shellScript = "\"${PODS_ROOT}/Target Support Files/Pods-dsoo/Pods-dsoo-frameworks.sh\"\n";
			showEnvVarsInLog = 0;
		};
		A62D7FE3CF2B065038370979 /* [CP] Check Pods Manifest.lock */ = {
			isa = PBXShellScriptBuildPhase;
			buildActionMask = 2147483647;
			files = (
			);
			inputFileListPaths = (
			);
			inputPaths = (
				"${PODS_PODFILE_DIR_PATH}/Podfile.lock",
				"${PODS_ROOT}/Manifest.lock",
			);
			name = "[CP] Check Pods Manifest.lock";
			outputFileListPaths = (
			);
			outputPaths = (
				"$(DERIVED_FILE_DIR)/Pods-dsoo-checkManifestLockResult.txt",
			);
			runOnlyForDeploymentPostprocessing = 0;
			shellPath = /bin/sh;
			shellScript = "diff \"${PODS_PODFILE_DIR_PATH}/Podfile.lock\" \"${PODS_ROOT}/Manifest.lock\" > /dev/null\nif [ $? != 0 ] ; then\n    # print error to STDERR\n    echo \"error: The sandbox is not in sync with the Podfile.lock. Run 'pod install' or update your CocoaPods installation.\" >&2\n    exit 1\nfi\n# This output is used by Xcode 'outputs' to avoid re-running this script phase.\necho \"SUCCESS\" > \"${SCRIPT_OUTPUT_FILE_0}\"\n";
			showEnvVarsInLog = 0;
		};
/* End PBXShellScriptBuildPhase section */

/* Begin PBXSourcesBuildPhase section */
		C682FDF42393186F0072205C /* Sources */ = {
			isa = PBXSourcesBuildPhase;
			buildActionMask = 2147483647;
			files = (
				C633EE0B2393241000D9C1CA /* File.swift in Sources */,
				C682FE002393186F0072205C /* ViewController.swift in Sources */,
				C682FDFC2393186F0072205C /* AppDelegate.swift in Sources */,
				C633EE092393225F00D9C1CA /* Records.swift in Sources */,
				C682FDFE2393186F0072205C /* SceneDelegate.swift in Sources */,
			);
			runOnlyForDeploymentPostprocessing = 0;
		};
/* End PBXSourcesBuildPhase section */

/* Begin PBXVariantGroup section */
		C682FE012393186F0072205C /* Main.storyboard */ = {
			isa = PBXVariantGroup;
			children = (
				C682FE022393186F0072205C /* Base */,
			);
			name = Main.storyboard;
			sourceTree = "<group>";
		};
		C682FE06239318720072205C /* LaunchScreen.storyboard */ = {
			isa = PBXVariantGroup;
			children = (
				C682FE07239318720072205C /* Base */,
			);
			name = LaunchScreen.storyboard;
			sourceTree = "<group>";
		};
/* End PBXVariantGroup section */

/* Begin XCBuildConfiguration section */
		C682FE0A239318720072205C /* Debug */ = {
			isa = XCBuildConfiguration;
			buildSettings = {
				ALWAYS_SEARCH_USER_PATHS = NO;
				CLANG_ANALYZER_NONNULL = YES;
				CLANG_ANALYZER_NUMBER_OBJECT_CONVERSION = YES_AGGRESSIVE;
				CLANG_CXX_LANGUAGE_STANDARD = "gnu++14";
				CLANG_CXX_LIBRARY = "libc++";
				CLANG_ENABLE_MODULES = YES;
				CLANG_ENABLE_OBJC_ARC = YES;
				CLANG_ENABLE_OBJC_WEAK = YES;
				CLANG_WARN_BLOCK_CAPTURE_AUTORELEASING = YES;
				CLANG_WARN_BOOL_CONVERSION = YES;
				CLANG_WARN_COMMA = YES;
				CLANG_WARN_CONSTANT_CONVERSION = YES;
				CLANG_WARN_DEPRECATED_OBJC_IMPLEMENTATIONS = YES;
				CLANG_WARN_DIRECT_OBJC_ISA_USAGE = YES_ERROR;
				CLANG_WARN_DOCUMENTATION_COMMENTS = YES;
				CLANG_WARN_EMPTY_BODY = YES;
				CLANG_WARN_ENUM_CONVERSION = YES;
				CLANG_WARN_INFINITE_RECURSION = YES;
				CLANG_WARN_INT_CONVERSION = YES;
				CLANG_WARN_NON_LITERAL_NULL_CONVERSION = YES;
				CLANG_WARN_OBJC_IMPLICIT_RETAIN_SELF = YES;
				CLANG_WARN_OBJC_LITERAL_CONVERSION = YES;
				CLANG_WARN_OBJC_ROOT_CLASS = YES_ERROR;
				CLANG_WARN_RANGE_LOOP_ANALYSIS = YES;
				CLANG_WARN_STRICT_PROTOTYPES = YES;
				CLANG_WARN_SUSPICIOUS_MOVE = YES;
				CLANG_WARN_UNGUARDED_AVAILABILITY = YES_AGGRESSIVE;
				CLANG_WARN_UNREACHABLE_CODE = YES;
				CLANG_WARN__DUPLICATE_METHOD_MATCH = YES;
				COPY_PHASE_STRIP = NO;
				DEBUG_INFORMATION_FORMAT = dwarf;
				ENABLE_STRICT_OBJC_MSGSEND = YES;
				ENABLE_TESTABILITY = YES;
				GCC_C_LANGUAGE_STANDARD = gnu11;
				GCC_DYNAMIC_NO_PIC = NO;
				GCC_NO_COMMON_BLOCKS = YES;
				GCC_OPTIMIZATION_LEVEL = 0;
				GCC_PREPROCESSOR_DEFINITIONS = (
					"DEBUG=1",
					"$(inherited)",
				);
				GCC_WARN_64_TO_32_BIT_CONVERSION = YES;
				GCC_WARN_ABOUT_RETURN_TYPE = YES_ERROR;
				GCC_WARN_UNDECLARED_SELECTOR = YES;
				GCC_WARN_UNINITIALIZED_AUTOS = YES_AGGRESSIVE;
				GCC_WARN_UNUSED_FUNCTION = YES;
				GCC_WARN_UNUSED_VARIABLE = YES;
				IPHONEOS_DEPLOYMENT_TARGET = 13.2;
				MTL_ENABLE_DEBUG_INFO = INCLUDE_SOURCE;
				MTL_FAST_MATH = YES;
				ONLY_ACTIVE_ARCH = YES;
				SDKROOT = iphoneos;
				SWIFT_ACTIVE_COMPILATION_CONDITIONS = DEBUG;
				SWIFT_OPTIMIZATION_LEVEL = "-Onone";
			};
			name = Debug;
		};
		C682FE0B239318720072205C /* Release */ = {
			isa = XCBuildConfiguration;
			buildSettings = {
				ALWAYS_SEARCH_USER_PATHS = NO;
				CLANG_ANALYZER_NONNULL = YES;
				CLANG_ANALYZER_NUMBER_OBJECT_CONVERSION = YES_AGGRESSIVE;
				CLANG_CXX_LANGUAGE_STANDARD = "gnu++14";
				CLANG_CXX_LIBRARY = "libc++";
				CLANG_ENABLE_MODULES = YES;
				CLANG_ENABLE_OBJC_ARC = YES;
				CLANG_ENABLE_OBJC_WEAK = YES;
				CLANG_WARN_BLOCK_CAPTURE_AUTORELEASING = YES;
				CLANG_WARN_BOOL_CONVERSION = YES;
				CLANG_WARN_COMMA = YES;
				CLANG_WARN_CONSTANT_CONVERSION = YES;
				CLANG_WARN_DEPRECATED_OBJC_IMPLEMENTATIONS = YES;
				CLANG_WARN_DIRECT_OBJC_ISA_USAGE = YES_ERROR;
				CLANG_WARN_DOCUMENTATION_COMMENTS = YES;
				CLANG_WARN_EMPTY_BODY = YES;
				CLANG_WARN_ENUM_CONVERSION = YES;
				CLANG_WARN_INFINITE_RECURSION = YES;
				CLANG_WARN_INT_CONVERSION = YES;
				CLANG_WARN_NON_LITERAL_NULL_CONVERSION = YES;
				CLANG_WARN_OBJC_IMPLICIT_RETAIN_SELF = YES;
				CLANG_WARN_OBJC_LITERAL_CONVERSION = YES;
				CLANG_WARN_OBJC_ROOT_CLASS = YES_ERROR;
				CLANG_WARN_RANGE_LOOP_ANALYSIS = YES;
				CLANG_WARN_STRICT_PROTOTYPES = YES;
				CLANG_WARN_SUSPICIOUS_MOVE = YES;
				CLANG_WARN_UNGUARDED_AVAILABILITY = YES_AGGRESSIVE;
				CLANG_WARN_UNREACHABLE_CODE = YES;
				CLANG_WARN__DUPLICATE_METHOD_MATCH = YES;
				COPY_PHASE_STRIP = NO;
				DEBUG_INFORMATION_FORMAT = "dwarf-with-dsym";
				ENABLE_NS_ASSERTIONS = NO;
				ENABLE_STRICT_OBJC_MSGSEND = YES;
				GCC_C_LANGUAGE_STANDARD = gnu11;
				GCC_NO_COMMON_BLOCKS = YES;
				GCC_WARN_64_TO_32_BIT_CONVERSION = YES;
				GCC_WARN_ABOUT_RETURN_TYPE = YES_ERROR;
				GCC_WARN_UNDECLARED_SELECTOR = YES;
				GCC_WARN_UNINITIALIZED_AUTOS = YES_AGGRESSIVE;
				GCC_WARN_UNUSED_FUNCTION = YES;
				GCC_WARN_UNUSED_VARIABLE = YES;
				IPHONEOS_DEPLOYMENT_TARGET = 13.2;
				MTL_ENABLE_DEBUG_INFO = NO;
				MTL_FAST_MATH = YES;
				SDKROOT = iphoneos;
				SWIFT_COMPILATION_MODE = wholemodule;
				SWIFT_OPTIMIZATION_LEVEL = "-O";
				VALIDATE_PRODUCT = YES;
			};
			name = Release;
		};
		C682FE0D239318720072205C /* Debug */ = {
			isa = XCBuildConfiguration;
			baseConfigurationReference = 386EC0B34C9A9F7F847AEDDC /* Pods-dsoo.debug.xcconfig */;
			buildSettings = {
				ASSETCATALOG_COMPILER_APPICON_NAME = AppIcon;
				CODE_SIGN_STYLE = Automatic;
				DEVELOPMENT_TEAM = J4D9345G57;
				INFOPLIST_FILE = dsoo/Info.plist;
				LD_RUNPATH_SEARCH_PATHS = (
					"$(inherited)",
					"@executable_path/Frameworks",
				);
				PRODUCT_BUNDLE_IDENTIFIER = com.pedro.freddi.dsoo;
				PRODUCT_NAME = "$(TARGET_NAME)";
				SWIFT_VERSION = 5.0;
				TARGETED_DEVICE_FAMILY = "1,2";
			};
			name = Debug;
		};
		C682FE0E239318720072205C /* Release */ = {
			isa = XCBuildConfiguration;
			baseConfigurationReference = 325112B6BF350E8914856CF5 /* Pods-dsoo.release.xcconfig */;
			buildSettings = {
				ASSETCATALOG_COMPILER_APPICON_NAME = AppIcon;
				CODE_SIGN_STYLE = Automatic;
				DEVELOPMENT_TEAM = J4D9345G57;
				INFOPLIST_FILE = dsoo/Info.plist;
				LD_RUNPATH_SEARCH_PATHS = (
					"$(inherited)",
					"@executable_path/Frameworks",
				);
				PRODUCT_BUNDLE_IDENTIFIER = com.pedro.freddi.dsoo;
				PRODUCT_NAME = "$(TARGET_NAME)";
				SWIFT_VERSION = 5.0;
				TARGETED_DEVICE_FAMILY = "1,2";
			};
			name = Release;
		};
/* End XCBuildConfiguration section */

/* Begin XCConfigurationList section */
		C682FDF32393186F0072205C /* Build configuration list for PBXProject "dsoo" */ = {
			isa = XCConfigurationList;
			buildConfigurations = (
				C682FE0A239318720072205C /* Debug */,
				C682FE0B239318720072205C /* Release */,
			);
			defaultConfigurationIsVisible = 0;
			defaultConfigurationName = Release;
		};
		C682FE0C239318720072205C /* Build configuration list for PBXNativeTarget "dsoo" */ = {
			isa = XCConfigurationList;
			buildConfigurations = (
				C682FE0D239318720072205C /* Debug */,
				C682FE0E239318720072205C /* Release */,
			);
			defaultConfigurationIsVisible = 0;
			defaultConfigurationName = Release;
		};
/* End XCConfigurationList section */
	};
	rootObject = C682FDF02393186F0072205C /* Project object */;
}
